Microsoft Visual Studio Solution File, Format Version 12.00
# Visual Studio 2012
Project("{FAE04EC0-301F-11D3-BF4B-00C04F79EFBC}") = "Inventory", "Inventory.csproj", "{C2F1249A-D0B1-4AA6-98A4-23DA266F25CF}"
EndProject
Global
	GlobalSection(SolutionConfigurationPlatforms) = preSolution
	Debug|Any CPU = Debug|Any CPU
	ExportDebug|Any CPU = ExportDebug|Any CPU
	ExportRelease|Any CPU = ExportRelease|Any CPU
	EndGlobalSection
	GlobalSection(ProjectConfigurationPlatforms) = postSolution
		{C2F1249A-D0B1-4AA6-98A4-23DA266F25CF}.Debug|Any CPU.ActiveCfg = Debug|Any CPU
		{C2F1249A-D0B1-4AA6-98A4-23DA266F25CF}.Debug|Any CPU.Build.0 = Debug|Any CPU
		{C2F1249A-D0B1-4AA6-98A4-23DA266F25CF}.ExportDebug|Any CPU.ActiveCfg = ExportDebug|Any CPU
		{C2F1249A-D0B1-4AA6-98A4-23DA266F25CF}.ExportDebug|Any CPU.Build.0 = ExportDebug|Any CPU
		{C2F1249A-D0B1-4AA6-98A4-23DA266F25CF}.ExportRelease|Any CPU.ActiveCfg = ExportRelease|Any CPU
		{C2F1249A-D0B1-4AA6-98A4-23DA266F25CF}.ExportRelease|Any CPU.Build.0 = ExportRelease|Any CPU
	EndGlobalSection
EndGlobal
